
Microsoft Visual Studio Solution File, Format Version 12.00
# Visual Studio Version 17
VisualStudioVersion = 17.3.32901.215
MinimumVisualStudioVersion = 10.0.40219.1
Project("{FAE04EC0-301F-11D3-BF4B-00C04F79EFBC}") = "Memento", "Memento\Memento.csproj", "{A10D9E54-261A-4F80-81A3-685213216DCD}"
EndProject
Global
	GlobalSection(SolutionConfigurationPlatforms) = preSolution
		Debug|Any CPU = Debug|Any CPU
		Release|Any CPU = Release|Any CPU
	EndGlobalSection
	GlobalSection(ProjectConfigurationPlatforms) = postSolution
		{A10D9E54-261A-4F80-81A3-685213216DCD}.Debug|Any CPU.ActiveCfg = Debug|Any CPU
		{A10D9E54-261A-4F80-81A3-685213216DCD}.Debug|Any CPU.Build.0 = Debug|Any CPU
		{A10D9E54-261A-4F80-81A3-685213216DCD}.Release|Any CPU.ActiveCfg = Release|Any CPU
		{A10D9E54-261A-4F80-81A3-685213216DCD}.Release|Any CPU.Build.0 = Release|Any CPU
	EndGlobalSection
	GlobalSection(SolutionProperties) = preSolution
		HideSolutionNode = FALSE
	EndGlobalSection
	GlobalSection(ExtensibilityGlobals) = postSolution
		SolutionGuid = {DF15E9BE-AE8C-43C4-B034-5020668849E6}
	EndGlobalSection
EndGlobal
